Microsoft Visual Studio Solution File, Format Version 12.00
# Visual Studio Version 16
VisualStudioVersion = 16.0.28922.388
MinimumVisualStudioVersion = 10.0.40219.1
Project("{FAE04EC0-301F-11D3-BF4B-00C04F79EFBC}") = "VirtualRadar", "VirtualRadar\VirtualRadar.csproj", "{11805B5F-027A-4ED6-9491-DC85A3B2462D}"
	ProjectSection(ProjectDependencies) = postProject
		{8CDF8D3F-CA98-4027-ABC0-8AD12F91E93E} = {8CDF8D3F-CA98-4027-ABC0-8AD12F91E93E}
		{336BA243-B238-4C73-97B5-ABACDFF4DB4F} = {336BA243-B238-4C73-97B5-ABACDFF4DB4F}
		{17C22B5C-2875-4FFA-9A78-2C0DF1DD030E} = {17C22B5C-2875-4FFA-9A78-2C0DF1DD030E}
		{86248078-7A1C-486D-8D08-064CC14FDB70} = {86248078-7A1C-486D-8D08-064CC14FDB70}
		{FE25F47B-7A81-4A04-8E00-99C36BCA8E03} = {FE25F47B-7A81-4A04-8E00-99C36BCA8E03}
		{65C67D9E-42FF-467C-92C2-10F0B9481309} = {65C67D9E-42FF-467C-92C2-10F0B9481309}
		{2BCFACA1-27D3-4D74-B528-3F702E17DC01} = {2BCFACA1-27D3-4D74-B528-3F702E17DC01}
		{DFF79AA9-DAD3-4F45-8D7A-7C76FEBE50CB} = {DFF79AA9-DAD3-4F45-8D7A-7C76FEBE50CB}
		{3465B4A9-2278-422D-B1D5-E2CDCB308D03} = {3465B4A9-2278-422D-B1D5-E2CDCB308D03}
		{C21751B3-11B0-41E0-8221-C1106F4D0A9E} = {C21751B3-11B0-41E0-8221-C1106F4D0A9E}
		{C4516CF0-85E9-4B59-B22A-EFDFF1D8399D} = {C4516CF0-85E9-4B59-B22A-EFDFF1D8399D}
	EndProjectSection
EndProject
Project("{FAE04EC0-301F-11D3-BF4B-00C04F79EFBC}") = "SQLiteWrapper.DotNet", "SQLiteWrapper.DotNet\SQLiteWrapper.DotNet.csproj", "{DDF2A51A-4AB8-4338-94AE-6320637AE3D7}"
EndProject
Project("{FAE04EC0-301F-11D3-BF4B-00C04F79EFBC}") = "SQLiteWrapper.Mono", "SQLiteWrapper.Mono\SQLiteWrapper.Mono.csproj", "{336BA243-B238-4C73-97B5-ABACDFF4DB4F}"
EndProject
Project("{FAE04EC0-301F-11D3-BF4B-00C04F79EFBC}") = "VirtualRadar.Interface", "VirtualRadar.Interface\VirtualRadar.Interface.csproj", "{8EF81105-F45D-4EDB-996C-DE7D5644B1E7}"
EndProject
Project("{FAE04EC0-301F-11D3-BF4B-00C04F79EFBC}") = "VirtualRadar.Localisation", "VirtualRadar.Localisation\VirtualRadar.Localisation.csproj", "{FD3E36E1-35EA-46F3-A30B-65CEA7D92B7E}"
EndProject
Project("{FAE04EC0-301F-11D3-BF4B-00C04F79EFBC}") = "VirtualRadar.Library", "VirtualRadar.Library\VirtualRadar.Library.csproj", "{4BC834F4-005B-4EF9-BDA4-078C3F1745D3}"
EndProject
Project("{FAE04EC0-301F-11D3-BF4B-00C04F79EFBC}") = "VirtualRadar.Interop", "VirtualRadar.Interop\VirtualRadar.Interop.csproj", "{801D6F1C-21A1-4336-9F32-16D5C16B3C81}"
EndProject
Project("{FAE04EC0-301F-11D3-BF4B-00C04F79EFBC}") = "VirtualRadar.Database", "VirtualRadar.Database\VirtualRadar.Database.csproj", "{049A9A56-990E-4F99-99F7-CC09767508D9}"
EndProject
Project("{FAE04EC0-301F-11D3-BF4B-00C04F79EFBC}") = "VirtualRadar.Resources", "VirtualRadar.Resources\VirtualRadar.Resources.csproj", "{B74413AC-8898-45DA-B4BD-82E4F9F58D72}"
EndProject
Project("{FAE04EC0-301F-11D3-BF4B-00C04F79EFBC}") = "VirtualRadar.WebServer", "VirtualRadar.WebServer\VirtualRadar.WebServer.csproj", "{368D365B-D45A-439E-B649-0512C395351F}"
EndProject
Project("{FAE04EC0-301F-11D3-BF4B-00C04F79EFBC}") = "VirtualRadar.WebSite", "VirtualRadar.WebSite\VirtualRadar.WebSite.csproj", "{EACC3459-9586-4977-A664-AE5827699B30}"
EndProject
Project("{FAE04EC0-301F-11D3-BF4B-00C04F79EFBC}") = "VirtualRadar.WinForms", "VirtualRadar.WinForms\VirtualRadar.WinForms.csproj", "{3A1330D8-1E7D-4C70-BA9A-39851389CFFF}"
EndProject
Project("{2150E333-8FDC-42A3-9474-1A3956D46DE8}") = "Test", "Test", "{3DD098CE-F3C7-4D95-8EDC-969A4F71D740}"
EndProject
Project("{FAE04EC0-301F-11D3-BF4B-00C04F79EFBC}") = "Test.Framework", "Test\Test.Framework\Test.Framework.csproj", "{94F0A821-51BB-4381-9413-1A3FAD661D82}"
EndProject
Project("{2150E333-8FDC-42A3-9474-1A3956D46DE8}") = "Solution Items", "Solution Items", "{1FB59799-F940-44C5-8BF6-668C46EB97C0}"
	ProjectSection(SolutionItems) = preProject
		_ChecksumFiles.ps1 = _ChecksumFiles.ps1
		_PostBuild.ps1 = _PostBuild.ps1
		.github\workflows\build-v3-release.yml = .github\workflows\build-v3-release.yml
		Build.bat = Build.bat
		Clean.bat = Clean.bat
		CleanObjAndBin.ps1 = CleanObjAndBin.ps1
		LICENSE.txt = LICENSE.txt
		LocalTestRun.testrunconfig = LocalTestRun.testrunconfig
		README.md = README.md
		VirtualRadar.vsmdi = VirtualRadar.vsmdi
		WebEssentials-Settings.json = WebEssentials-Settings.json
	EndProjectSection
EndProject
Project("{FAE04EC0-301F-11D3-BF4B-00C04F79EFBC}") = "Test.VirtualRadar.Database", "Test\Test.VirtualRadar.Database\Test.VirtualRadar.Database.csproj", "{3BCD0AE3-BC71-47DC-836C-41BDF0C2533E}"
EndProject
Project("{FAE04EC0-301F-11D3-BF4B-00C04F79EFBC}") = "Test.VirtualRadar.Interface", "Test\Test.VirtualRadar.Interface\Test.VirtualRadar.Interface.csproj", "{D458EB9E-7E35-46F2-9921-34D110C74BDB}"
EndProject
Project("{FAE04EC0-301F-11D3-BF4B-00C04F79EFBC}") = "Test.VirtualRadar.Library", "Test\Test.VirtualRadar.Library\Test.VirtualRadar.Library.csproj", "{FD7ACA3B-540C-47AD-9FBE-0B6512D52778}"
EndProject
Project("{FAE04EC0-301F-11D3-BF4B-00C04F79EFBC}") = "Test.VirtualRadar.WebServer", "Test\Test.VirtualRadar.WebServer\Test.VirtualRadar.WebServer.csproj", "{3B80F85F-085D-4D89-8CC6-5167A58D7845}"
EndProject
Project("{FAE04EC0-301F-11D3-BF4B-00C04F79EFBC}") = "Test.VirtualRadar.WebSite", "Test\Test.VirtualRadar.WebSite\Test.VirtualRadar.WebSite.csproj", "{40F37767-C554-453F-8748-784EF41E0AFB}"
EndProject
Project("{FAE04EC0-301F-11D3-BF4B-00C04F79EFBC}") = "Plugin.BaseStationDatabaseWriter", "Plugin.BaseStationDatabaseWriter\Plugin.BaseStationDatabaseWriter.csproj", "{FE25F47B-7A81-4A04-8E00-99C36BCA8E03}"
	ProjectSection(ProjectDependencies) = postProject
		{A81147B6-D3E8-42AE-A98F-21BA5C4BAE99} = {A81147B6-D3E8-42AE-A98F-21BA5C4BAE99}
	EndProjectSection
EndProject
Project("{FAE04EC0-301F-11D3-BF4B-00C04F79EFBC}") = "Plugin.CustomContent", "Plugin.CustomContent\Plugin.CustomContent.csproj", "{86248078-7A1C-486D-8D08-064CC14FDB70}"
	ProjectSection(ProjectDependencies) = postProject
		{A81147B6-D3E8-42AE-A98F-21BA5C4BAE99} = {A81147B6-D3E8-42AE-A98F-21BA5C4BAE99}
	EndProjectSection
EndProject
Project("{FAE04EC0-301F-11D3-BF4B-00C04F79EFBC}") = "Test.Plugin.BaseStationDatabaseWriter", "Test\Test.Plugin.BaseStationDatabaseWriter\Test.Plugin.BaseStationDatabaseWriter.csproj", "{9E538513-A812-4A09-BD54-96734AD4A850}"
EndProject
Project("{FAE04EC0-301F-11D3-BF4B-00C04F79EFBC}") = "Plugin.WebAdmin", "Plugin.WebAdmin\Plugin.WebAdmin.csproj", "{2BCFACA1-27D3-4D74-B528-3F702E17DC01}"
	ProjectSection(ProjectDependencies) = postProject
		{A81147B6-D3E8-42AE-A98F-21BA5C4BAE99} = {A81147B6-D3E8-42AE-A98F-21BA5C4BAE99}
	EndProjectSection
EndProject
Project("{FAE04EC0-301F-11D3-BF4B-00C04F79EFBC}") = "VirtualRadar.Headless", "VirtualRadar.Headless\VirtualRadar.Headless.csproj", "{573DDCFE-821E-4F58-8E6F-89FA0C0CC879}"
EndProject
Project("{FAE04EC0-301F-11D3-BF4B-00C04F79EFBC}") = "Plugin.DisableUPnP", "Plugin.DisableUPnP\Plugin.DisableUPnP.csproj", "{DA8BF2F4-C49F-46CD-AE74-C3ECAD6377C6}"
EndProject
Project("{FAE04EC0-301F-11D3-BF4B-00C04F79EFBC}") = "Plugin.DisableAudio", "Plugin.DisableAudio\Plugin.DisableAudio.csproj", "{9FE50C5D-76F9-4283-B9AD-893A8D5C6B69}"
EndProject
Project("{FAE04EC0-301F-11D3-BF4B-00C04F79EFBC}") = "Plugin.DatabaseEditor", "Plugin.DatabaseEditor\Plugin.DatabaseEditor.csproj", "{3465B4A9-2278-422D-B1D5-E2CDCB308D03}"
	ProjectSection(ProjectDependencies) = postProject
		{A81147B6-D3E8-42AE-A98F-21BA5C4BAE99} = {A81147B6-D3E8-42AE-A98F-21BA5C4BAE99}
	EndProjectSection
EndProject
Project("{FAE04EC0-301F-11D3-BF4B-00C04F79EFBC}") = "Plugin.FeedFilter", "Plugin.FeedFilter\Plugin.FeedFilter.csproj", "{DFF79AA9-DAD3-4F45-8D7A-7C76FEBE50CB}"
EndProject
Project("{FAE04EC0-301F-11D3-BF4B-00C04F79EFBC}") = "SQLiteWrapper.DotNet.AnyCPU", "SQLiteWrapper.DotNet.AnyCPU\SQLiteWrapper.DotNet.AnyCPU.csproj", "{C4516CF0-85E9-4B59-B22A-EFDFF1D8399D}"
EndProject
Project("{2150E333-8FDC-42A3-9474-1A3956D46DE8}") = "ThirdParty", "ThirdParty", "{1D1FAF73-5B9E-4A66-B928-ED19AA5E3BD8}"
	ProjectSection(SolutionItems) = preProject
		ThirdParty\_README.txt = ThirdParty\_README.txt
	EndProjectSection
EndProject
Project("{FAE04EC0-301F-11D3-BF4B-00C04F79EFBC}") = "TypeLite.Net35", "ThirdParty\TypeLite.Net35\TypeLite.Net35.csproj", "{A81147B6-D3E8-42AE-A98F-21BA5C4BAE99}"
EndProject
Project("{FAE04EC0-301F-11D3-BF4B-00C04F79EFBC}") = "VirtualRadar-Service", "VirtualRadar-Service\VirtualRadar-Service.csproj", "{17C22B5C-2875-4FFA-9A78-2C0DF1DD030E}"
EndProject
Project("{FAE04EC0-301F-11D3-BF4B-00C04F79EFBC}") = "VirtualRadar.WebServer.HttpListener", "VirtualRadar.WebServer.HttpListener\VirtualRadar.WebServer.HttpListener.csproj", "{09B103A9-E186-403D-9744-DA6144FCD88E}"
EndProject
Project("{FAE04EC0-301F-11D3-BF4B-00C04F79EFBC}") = "Plugin.SqlServer", "Plugin.SqlServer\Plugin.SqlServer.csproj", "{8CDF8D3F-CA98-4027-ABC0-8AD12F91E93E}"
EndProject
Project("{2150E333-8FDC-42A3-9474-1A3956D46DE8}") = "Utilities", "Utilities", "{933CD81D-0867-426B-BF84-77517E59E0B3}"
EndProject
Project("{FAE04EC0-301F-11D3-BF4B-00C04F79EFBC}") = "BaseStationImport", "Utilities\BaseStationImport\BaseStationImport.csproj", "{C21751B3-11B0-41E0-8221-C1106F4D0A9E}"
EndProject
Project("{FAE04EC0-301F-11D3-BF4B-00C04F79EFBC}") = "Plugin.TileServerCache", "Plugin.TileServerCache\Plugin.TileServerCache.csproj", "{65C67D9E-42FF-467C-92C2-10F0B9481309}"
EndProject
Project("{2150E333-8FDC-42A3-9474-1A3956D46DE8}") = "Installers", "Installers", "{2706C041-CF15-4CA8-AB29-717CEB7EB0C2}"
EndProject
Project("{2150E333-8FDC-42A3-9474-1A3956D46DE8}") = "Resources", "Resources", "{6DA177EA-7167-4E2F-B673-6CC020171F51}"
	ProjectSection(SolutionItems) = preProject
		Installers\Resources\WizardImage.bmp = Installers\Resources\WizardImage.bmp
		Installers\Resources\WizardSmallImage.bmp = Installers\Resources\WizardSmallImage.bmp
	EndProjectSection
EndProject
Project("{2150E333-8FDC-42A3-9474-1A3956D46DE8}") = "InnoSetup", "InnoSetup", "{217CFBE8-E223-4C45-B8A3-B6BAF32A1D45}"
	ProjectSection(SolutionItems) = preProject
		Installers\InnoSetup\VirtualRadar-VersionHistory.rtf = Installers\InnoSetup\VirtualRadar-VersionHistory.rtf
		Installers\InnoSetup\VirtualRadar-x86.iss = Installers\InnoSetup\VirtualRadar-x86.iss
	EndProjectSection
EndProject
Global
	GlobalSection(SolutionConfigurationPlatforms) = preSolution
		Debug|Any CPU = Debug|Any CPU
		Debug|Mixed Platforms = Debug|Mixed Platforms
		Debug|x64 = Debug|x64
		Debug|x86 = Debug|x86
		Release|Any CPU = Release|Any CPU
		Release|Mixed Platforms = Release|Mixed Platforms
		Release|x64 = Release|x64
		Release|x86 = Release|x86
	EndGlobalSection
	GlobalSection(ProjectConfigurationPlatforms) = postSolution
		{11805B5F-027A-4ED6-9491-DC85A3B2462D}.Debug|Any CPU.ActiveCfg = Debug|x86
		{11805B5F-027A-4ED6-9491-DC85A3B2462D}.Debug|Mixed Platforms.ActiveCfg = Debug|x86
		{11805B5F-027A-4ED6-9491-DC85A3B2462D}.Debug|Mixed Platforms.Build.0 = Debug|x86
		{11805B5F-027A-4ED6-9491-DC85A3B2462D}.Debug|x64.ActiveCfg = Debug|x64
		{11805B5F-027A-4ED6-9491-DC85A3B2462D}.Debug|x64.Build.0 = Debug|x64
		{11805B5F-027A-4ED6-9491-DC85A3B2462D}.Debug|x86.ActiveCfg = Debug|x86
		{11805B5F-027A-4ED6-9491-DC85A3B2462D}.Debug|x86.Build.0 = Debug|x86
		{11805B5F-027A-4ED6-9491-DC85A3B2462D}.Release|Any CPU.ActiveCfg = Release|x86
		{11805B5F-027A-4ED6-9491-DC85A3B2462D}.Release|Mixed Platforms.ActiveCfg = Release|x86
		{11805B5F-027A-4ED6-9491-DC85A3B2462D}.Release|Mixed Platforms.Build.0 = Release|x86
		{11805B5F-027A-4ED6-9491-DC85A3B2462D}.Release|x64.ActiveCfg = Release|x64
		{11805B5F-027A-4ED6-9491-DC85A3B2462D}.Release|x64.Build.0 = Release|x64
		{11805B5F-027A-4ED6-9491-DC85A3B2462D}.Release|x86.ActiveCfg = Release|x86
		{11805B5F-027A-4ED6-9491-DC85A3B2462D}.Release|x86.Build.0 = Release|x86
		{DDF2A51A-4AB8-4338-94AE-6320637AE3D7}.Debug|Any CPU.ActiveCfg = Debug|x86
		{DDF2A51A-4AB8-4338-94AE-6320637AE3D7}.Debug|Mixed Platforms.ActiveCfg = Debug|x86
		{DDF2A51A-4AB8-4338-94AE-6320637AE3D7}.Debug|Mixed Platforms.Build.0 = Debug|x86
		{DDF2A51A-4AB8-4338-94AE-6320637AE3D7}.Debug|x64.ActiveCfg = Debug|x86
		{DDF2A51A-4AB8-4338-94AE-6320637AE3D7}.Debug|x86.ActiveCfg = Debug|x86
		{DDF2A51A-4AB8-4338-94AE-6320637AE3D7}.Debug|x86.Build.0 = Debug|x86
		{DDF2A51A-4AB8-4338-94AE-6320637AE3D7}.Release|Any CPU.ActiveCfg = Release|x86
		{DDF2A51A-4AB8-4338-94AE-6320637AE3D7}.Release|Mixed Platforms.ActiveCfg = Release|x86
		{DDF2A51A-4AB8-4338-94AE-6320637AE3D7}.Release|Mixed Platforms.Build.0 = Release|x86
		{DDF2A51A-4AB8-4338-94AE-6320637AE3D7}.Release|x64.ActiveCfg = Release|x86
		{DDF2A51A-4AB8-4338-94AE-6320637AE3D7}.Release|x86.ActiveCfg = Release|x86
		{DDF2A51A-4AB8-4338-94AE-6320637AE3D7}.Release|x86.Build.0 = Release|x86
		{336BA243-B238-4C73-97B5-ABACDFF4DB4F}.Debug|Any CPU.ActiveCfg = Debug|Any CPU
		{336BA243-B238-4C73-97B5-ABACDFF4DB4F}.Debug|Any CPU.Build.0 = Debug|Any CPU
		{336BA243-B238-4C73-97B5-ABACDFF4DB4F}.Debug|Mixed Platforms.ActiveCfg = Debug|Any CPU
		{336BA243-B238-4C73-97B5-ABACDFF4DB4F}.Debug|Mixed Platforms.Build.0 = Debug|Any CPU
		{336BA243-B238-4C73-97B5-ABACDFF4DB4F}.Debug|x64.ActiveCfg = Debug|Any CPU
		{336BA243-B238-4C73-97B5-ABACDFF4DB4F}.Debug|x64.Build.0 = Debug|Any CPU
		{336BA243-B238-4C73-97B5-ABACDFF4DB4F}.Debug|x86.ActiveCfg = Debug|Any CPU
		{336BA243-B238-4C73-97B5-ABACDFF4DB4F}.Debug|x86.Build.0 = Debug|Any CPU
		{336BA243-B238-4C73-97B5-ABACDFF4DB4F}.Release|Any CPU.ActiveCfg = Release|Any CPU
		{336BA243-B238-4C73-97B5-ABACDFF4DB4F}.Release|Any CPU.Build.0 = Release|Any CPU
		{336BA243-B238-4C73-97B5-ABACDFF4DB4F}.Release|Mixed Platforms.ActiveCfg = Release|Any CPU
		{336BA243-B238-4C73-97B5-ABACDFF4DB4F}.Release|Mixed Platforms.Build.0 = Release|Any CPU
		{336BA243-B238-4C73-97B5-ABACDFF4DB4F}.Release|x64.ActiveCfg = Release|Any CPU
		{336BA243-B238-4C73-97B5-ABACDFF4DB4F}.Release|x64.Build.0 = Release|Any CPU
		{336BA243-B238-4C73-97B5-ABACDFF4DB4F}.Release|x86.ActiveCfg = Release|Any CPU
		{336BA243-B238-4C73-97B5-ABACDFF4DB4F}.Release|x86.Build.0 = Release|Any CPU
		{8EF81105-F45D-4EDB-996C-DE7D5644B1E7}.Debug|Any CPU.ActiveCfg = Debug|Any CPU
		{8EF81105-F45D-4EDB-996C-DE7D5644B1E7}.Debug|Any CPU.Build.0 = Debug|Any CPU
		{8EF81105-F45D-4EDB-996C-DE7D5644B1E7}.Debug|Mixed Platforms.ActiveCfg = Debug|Any CPU
		{8EF81105-F45D-4EDB-996C-DE7D5644B1E7}.Debug|Mixed Platforms.Build.0 = Debug|Any CPU
		{8EF81105-F45D-4EDB-996C-DE7D5644B1E7}.Debug|x64.ActiveCfg = Debug|Any CPU
		{8EF81105-F45D-4EDB-996C-DE7D5644B1E7}.Debug|x64.Build.0 = Debug|Any CPU
		{8EF81105-F45D-4EDB-996C-DE7D5644B1E7}.Debug|x86.ActiveCfg = Debug|Any CPU
		{8EF81105-F45D-4EDB-996C-DE7D5644B1E7}.Debug|x86.Build.0 = Debug|Any CPU
		{8EF81105-F45D-4EDB-996C-DE7D5644B1E7}.Release|Any CPU.ActiveCfg = Release|Any CPU
		{8EF81105-F45D-4EDB-996C-DE7D5644B1E7}.Release|Any CPU.Build.0 = Release|Any CPU
		{8EF81105-F45D-4EDB-996C-DE7D5644B1E7}.Release|Mixed Platforms.ActiveCfg = Release|Any CPU
		{8EF81105-F45D-4EDB-996C-DE7D5644B1E7}.Release|Mixed Platforms.Build.0 = Release|Any CPU
		{8EF81105-F45D-4EDB-996C-DE7D5644B1E7}.Release|x64.ActiveCfg = Release|Any CPU
		{8EF81105-F45D-4EDB-996C-DE7D5644B1E7}.Release|x64.Build.0 = Release|Any CPU
		{8EF81105-F45D-4EDB-996C-DE7D5644B1E7}.Release|x86.ActiveCfg = Release|Any CPU
		{8EF81105-F45D-4EDB-996C-DE7D5644B1E7}.Release|x86.Build.0 = Release|Any CPU
		{FD3E36E1-35EA-46F3-A30B-65CEA7D92B7E}.Debug|Any CPU.ActiveCfg = Debug|Any CPU
		{FD3E36E1-35EA-46F3-A30B-65CEA7D92B7E}.Debug|Any CPU.Build.0 = Debug|Any CPU
		{FD3E36E1-35EA-46F3-A30B-65CEA7D92B7E}.Debug|Mixed Platforms.ActiveCfg = Debug|Any CPU
		{FD3E36E1-35EA-46F3-A30B-65CEA7D92B7E}.Debug|Mixed Platforms.Build.0 = Debug|Any CPU
		{FD3E36E1-35EA-46F3-A30B-65CEA7D92B7E}.Debug|x64.ActiveCfg = Debug|Any CPU
		{FD3E36E1-35EA-46F3-A30B-65CEA7D92B7E}.Debug|x64.Build.0 = Debug|Any CPU
		{FD3E36E1-35EA-46F3-A30B-65CEA7D92B7E}.Debug|x86.ActiveCfg = Debug|Any CPU
		{FD3E36E1-35EA-46F3-A30B-65CEA7D92B7E}.Debug|x86.Build.0 = Debug|Any CPU
		{FD3E36E1-35EA-46F3-A30B-65CEA7D92B7E}.Release|Any CPU.ActiveCfg = Release|Any CPU
		{FD3E36E1-35EA-46F3-A30B-65CEA7D92B7E}.Release|Any CPU.Build.0 = Release|Any CPU
		{FD3E36E1-35EA-46F3-A30B-65CEA7D92B7E}.Release|Mixed Platforms.ActiveCfg = Release|Any CPU
		{FD3E36E1-35EA-46F3-A30B-65CEA7D92B7E}.Release|Mixed Platforms.Build.0 = Release|Any CPU
		{FD3E36E1-35EA-46F3-A30B-65CEA7D92B7E}.Release|x64.ActiveCfg = Release|Any CPU
		{FD3E36E1-35EA-46F3-A30B-65CEA7D92B7E}.Release|x64.Build.0 = Release|Any CPU
		{FD3E36E1-35EA-46F3-A30B-65CEA7D92B7E}.Release|x86.ActiveCfg = Release|Any CPU
		{FD3E36E1-35EA-46F3-A30B-65CEA7D92B7E}.Release|x86.Build.0 = Release|Any CPU
		{4BC834F4-005B-4EF9-BDA4-078C3F1745D3}.Debug|Any CPU.ActiveCfg = Debug|x86
		{4BC834F4-005B-4EF9-BDA4-078C3F1745D3}.Debug|Mixed Platforms.ActiveCfg = Debug|x86
		{4BC834F4-005B-4EF9-BDA4-078C3F1745D3}.Debug|Mixed Platforms.Build.0 = Debug|x86
		{4BC834F4-005B-4EF9-BDA4-078C3F1745D3}.Debug|x64.ActiveCfg = Debug|x64
		{4BC834F4-005B-4EF9-BDA4-078C3F1745D3}.Debug|x64.Build.0 = Debug|x64
		{4BC834F4-005B-4EF9-BDA4-078C3F1745D3}.Debug|x86.ActiveCfg = Debug|x86
		{4BC834F4-005B-4EF9-BDA4-078C3F1745D3}.Debug|x86.Build.0 = Debug|x86
		{4BC834F4-005B-4EF9-BDA4-078C3F1745D3}.Release|Any CPU.ActiveCfg = Release|x86
		{4BC834F4-005B-4EF9-BDA4-078C3F1745D3}.Release|Mixed Platforms.ActiveCfg = Release|x86
		{4BC834F4-005B-4EF9-BDA4-078C3F1745D3}.Release|Mixed Platforms.Build.0 = Release|x86
		{4BC834F4-005B-4EF9-BDA4-078C3F1745D3}.Release|x64.ActiveCfg = Release|x64
		{4BC834F4-005B-4EF9-BDA4-078C3F1745D3}.Release|x64.Build.0 = Release|x64
		{4BC834F4-005B-4EF9-BDA4-078C3F1745D3}.Release|x86.ActiveCfg = Release|x86
		{4BC834F4-005B-4EF9-BDA4-078C3F1745D3}.Release|x86.Build.0 = Release|x86
		{801D6F1C-21A1-4336-9F32-16D5C16B3C81}.Debug|Any CPU.ActiveCfg = Debug|Any CPU
		{801D6F1C-21A1-4336-9F32-16D5C16B3C81}.Debug|Any CPU.Build.0 = Debug|Any CPU
		{801D6F1C-21A1-4336-9F32-16D5C16B3C81}.Debug|Mixed Platforms.ActiveCfg = Debug|Any CPU
		{801D6F1C-21A1-4336-9F32-16D5C16B3C81}.Debug|Mixed Platforms.Build.0 = Debug|Any CPU
		{801D6F1C-21A1-4336-9F32-16D5C16B3C81}.Debug|x64.ActiveCfg = Debug|Any CPU
		{801D6F1C-21A1-4336-9F32-16D5C16B3C81}.Debug|x64.Build.0 = Debug|Any CPU
		{801D6F1C-21A1-4336-9F32-16D5C16B3C81}.Debug|x86.ActiveCfg = Debug|Any CPU
		{801D6F1C-21A1-4336-9F32-16D5C16B3C81}.Debug|x86.Build.0 = Debug|Any CPU
		{801D6F1C-21A1-4336-9F32-16D5C16B3C81}.Release|Any CPU.ActiveCfg = Release|Any CPU
		{801D6F1C-21A1-4336-9F32-16D5C16B3C81}.Release|Any CPU.Build.0 = Release|Any CPU
		{801D6F1C-21A1-4336-9F32-16D5C16B3C81}.Release|Mixed Platforms.ActiveCfg = Release|Any CPU
		{801D6F1C-21A1-4336-9F32-16D5C16B3C81}.Release|Mixed Platforms.Build.0 = Release|Any CPU
		{801D6F1C-21A1-4336-9F32-16D5C16B3C81}.Release|x64.ActiveCfg = Release|Any CPU
		{801D6F1C-21A1-4336-9F32-16D5C16B3C81}.Release|x64.Build.0 = Release|Any CPU
		{801D6F1C-21A1-4336-9F32-16D5C16B3C81}.Release|x86.ActiveCfg = Release|Any CPU
		{801D6F1C-21A1-4336-9F32-16D5C16B3C81}.Release|x86.Build.0 = Release|Any CPU
		{049A9A56-990E-4F99-99F7-CC09767508D9}.Debug|Any CPU.ActiveCfg = Debug|Any CPU
		{049A9A56-990E-4F99-99F7-CC09767508D9}.Debug|Any CPU.Build.0 = Debug|Any CPU
		{049A9A56-990E-4F99-99F7-CC09767508D9}.Debug|Mixed Platforms.ActiveCfg = Debug|Any CPU
		{049A9A56-990E-4F99-99F7-CC09767508D9}.Debug|Mixed Platforms.Build.0 = Debug|Any CPU
		{049A9A56-990E-4F99-99F7-CC09767508D9}.Debug|x64.ActiveCfg = Debug|Any CPU
		{049A9A56-990E-4F99-99F7-CC09767508D9}.Debug|x64.Build.0 = Debug|Any CPU
		{049A9A56-990E-4F99-99F7-CC09767508D9}.Debug|x86.ActiveCfg = Debug|Any CPU
		{049A9A56-990E-4F99-99F7-CC09767508D9}.Debug|x86.Build.0 = Debug|Any CPU
		{049A9A56-990E-4F99-99F7-CC09767508D9}.Release|Any CPU.ActiveCfg = Release|Any CPU
		{049A9A56-990E-4F99-99F7-CC09767508D9}.Release|Any CPU.Build.0 = Release|Any CPU
		{049A9A56-990E-4F99-99F7-CC09767508D9}.Release|Mixed Platforms.ActiveCfg = Release|Any CPU
		{049A9A56-990E-4F99-99F7-CC09767508D9}.Release|Mixed Platforms.Build.0 = Release|Any CPU
		{049A9A56-990E-4F99-99F7-CC09767508D9}.Release|x64.ActiveCfg = Release|Any CPU
		{049A9A56-990E-4F99-99F7-CC09767508D9}.Release|x64.Build.0 = Release|Any CPU
		{049A9A56-990E-4F99-99F7-CC09767508D9}.Release|x86.ActiveCfg = Release|Any CPU
		{049A9A56-990E-4F99-99F7-CC09767508D9}.Release|x86.Build.0 = Release|Any CPU
		{B74413AC-8898-45DA-B4BD-82E4F9F58D72}.Debug|Any CPU.ActiveCfg = Debug|Any CPU
		{B74413AC-8898-45DA-B4BD-82E4F9F58D72}.Debug|Any CPU.Build.0 = Debug|Any CPU
		{B74413AC-8898-45DA-B4BD-82E4F9F58D72}.Debug|Mixed Platforms.ActiveCfg = Debug|Any CPU
		{B74413AC-8898-45DA-B4BD-82E4F9F58D72}.Debug|Mixed Platforms.Build.0 = Debug|Any CPU
		{B74413AC-8898-45DA-B4BD-82E4F9F58D72}.Debug|x64.ActiveCfg = Debug|Any CPU
		{B74413AC-8898-45DA-B4BD-82E4F9F58D72}.Debug|x64.Build.0 = Debug|Any CPU
		{B74413AC-8898-45DA-B4BD-82E4F9F58D72}.Debug|x86.ActiveCfg = Debug|Any CPU
		{B74413AC-8898-45DA-B4BD-82E4F9F58D72}.Debug|x86.Build.0 = Debug|Any CPU
		{B74413AC-8898-45DA-B4BD-82E4F9F58D72}.Release|Any CPU.ActiveCfg = Release|Any CPU
		{B74413AC-8898-45DA-B4BD-82E4F9F58D72}.Release|Any CPU.Build.0 = Release|Any CPU
		{B74413AC-8898-45DA-B4BD-82E4F9F58D72}.Release|Mixed Platforms.ActiveCfg = Release|Any CPU
		{B74413AC-8898-45DA-B4BD-82E4F9F58D72}.Release|Mixed Platforms.Build.0 = Release|Any CPU
		{B74413AC-8898-45DA-B4BD-82E4F9F58D72}.Release|x64.ActiveCfg = Release|Any CPU
		{B74413AC-8898-45DA-B4BD-82E4F9F58D72}.Release|x64.Build.0 = Release|Any CPU
		{B74413AC-8898-45DA-B4BD-82E4F9F58D72}.Release|x86.ActiveCfg = Release|Any CPU
		{B74413AC-8898-45DA-B4BD-82E4F9F58D72}.Release|x86.Build.0 = Release|Any CPU
		{368D365B-D45A-439E-B649-0512C395351F}.Debug|Any CPU.ActiveCfg = Debug|Any CPU
		{368D365B-D45A-439E-B649-0512C395351F}.Debug|Any CPU.Build.0 = Debug|Any CPU
		{368D365B-D45A-439E-B649-0512C395351F}.Debug|Mixed Platforms.ActiveCfg = Debug|Any CPU
		{368D365B-D45A-439E-B649-0512C395351F}.Debug|Mixed Platforms.Build.0 = Debug|Any CPU
		{368D365B-D45A-439E-B649-0512C395351F}.Debug|x64.ActiveCfg = Debug|Any CPU
		{368D365B-D45A-439E-B649-0512C395351F}.Debug|x64.Build.0 = Debug|Any CPU
		{368D365B-D45A-439E-B649-0512C395351F}.Debug|x86.ActiveCfg = Debug|Any CPU
		{368D365B-D45A-439E-B649-0512C395351F}.Debug|x86.Build.0 = Debug|Any CPU
		{368D365B-D45A-439E-B649-0512C395351F}.Release|Any CPU.ActiveCfg = Release|Any CPU
		{368D365B-D45A-439E-B649-0512C395351F}.Release|Any CPU.Build.0 = Release|Any CPU
		{368D365B-D45A-439E-B649-0512C395351F}.Release|Mixed Platforms.ActiveCfg = Release|Any CPU
		{368D365B-D45A-439E-B649-0512C395351F}.Release|Mixed Platforms.Build.0 = Release|Any CPU
		{368D365B-D45A-439E-B649-0512C395351F}.Release|x64.ActiveCfg = Release|Any CPU
		{368D365B-D45A-439E-B649-0512C395351F}.Release|x64.Build.0 = Release|Any CPU
		{368D365B-D45A-439E-B649-0512C395351F}.Release|x86.ActiveCfg = Release|Any CPU
		{368D365B-D45A-439E-B649-0512C395351F}.Release|x86.Build.0 = Release|Any CPU
		{EACC3459-9586-4977-A664-AE5827699B30}.Debug|Any CPU.ActiveCfg = Debug|Any CPU
		{EACC3459-9586-4977-A664-AE5827699B30}.Debug|Any CPU.Build.0 = Debug|Any CPU
		{EACC3459-9586-4977-A664-AE5827699B30}.Debug|Mixed Platforms.ActiveCfg = Debug|Any CPU
		{EACC3459-9586-4977-A664-AE5827699B30}.Debug|Mixed Platforms.Build.0 = Debug|Any CPU
		{EACC3459-9586-4977-A664-AE5827699B30}.Debug|x64.ActiveCfg = Debug|Any CPU
		{EACC3459-9586-4977-A664-AE5827699B30}.Debug|x64.Build.0 = Debug|Any CPU
		{EACC3459-9586-4977-A664-AE5827699B30}.Debug|x86.ActiveCfg = Debug|Any CPU
		{EACC3459-9586-4977-A664-AE5827699B30}.Debug|x86.Build.0 = Debug|Any CPU
		{EACC3459-9586-4977-A664-AE5827699B30}.Release|Any CPU.ActiveCfg = Release|Any CPU
		{EACC3459-9586-4977-A664-AE5827699B30}.Release|Any CPU.Build.0 = Release|Any CPU
		{EACC3459-9586-4977-A664-AE5827699B30}.Release|Mixed Platforms.ActiveCfg = Release|Any CPU
		{EACC3459-9586-4977-A664-AE5827699B30}.Release|Mixed Platforms.Build.0 = Release|Any CPU
		{EACC3459-9586-4977-A664-AE5827699B30}.Release|x64.ActiveCfg = Release|Any CPU
		{EACC3459-9586-4977-A664-AE5827699B30}.Release|x64.Build.0 = Release|Any CPU
		{EACC3459-9586-4977-A664-AE5827699B30}.Release|x86.ActiveCfg = Release|Any CPU
		{EACC3459-9586-4977-A664-AE5827699B30}.Release|x86.Build.0 = Release|Any CPU
		{3A1330D8-1E7D-4C70-BA9A-39851389CFFF}.Debug|Any CPU.ActiveCfg = Debug|Any CPU
		{3A1330D8-1E7D-4C70-BA9A-39851389CFFF}.Debug|Any CPU.Build.0 = Debug|Any CPU
		{3A1330D8-1E7D-4C70-BA9A-39851389CFFF}.Debug|Mixed Platforms.ActiveCfg = Debug|Any CPU
		{3A1330D8-1E7D-4C70-BA9A-39851389CFFF}.Debug|Mixed Platforms.Build.0 = Debug|Any CPU
		{3A1330D8-1E7D-4C70-BA9A-39851389CFFF}.Debug|x64.ActiveCfg = Debug|Any CPU
		{3A1330D8-1E7D-4C70-BA9A-39851389CFFF}.Debug|x64.Build.0 = Debug|Any CPU
		{3A1330D8-1E7D-4C70-BA9A-39851389CFFF}.Debug|x86.ActiveCfg = Debug|Any CPU
		{3A1330D8-1E7D-4C70-BA9A-39851389CFFF}.Debug|x86.Build.0 = Debug|Any CPU
		{3A1330D8-1E7D-4C70-BA9A-39851389CFFF}.Release|Any CPU.ActiveCfg = Release|Any CPU
		{3A1330D8-1E7D-4C70-BA9A-39851389CFFF}.Release|Any CPU.Build.0 = Release|Any CPU
		{3A1330D8-1E7D-4C70-BA9A-39851389CFFF}.Release|Mixed Platforms.ActiveCfg = Release|Any CPU
		{3A1330D8-1E7D-4C70-BA9A-39851389CFFF}.Release|Mixed Platforms.Build.0 = Release|Any CPU
		{3A1330D8-1E7D-4C70-BA9A-39851389CFFF}.Release|x64.ActiveCfg = Release|Any CPU
		{3A1330D8-1E7D-4C70-BA9A-39851389CFFF}.Release|x64.Build.0 = Release|Any CPU
		{3A1330D8-1E7D-4C70-BA9A-39851389CFFF}.Release|x86.ActiveCfg = Release|Any CPU
		{3A1330D8-1E7D-4C70-BA9A-39851389CFFF}.Release|x86.Build.0 = Release|Any CPU
		{94F0A821-51BB-4381-9413-1A3FAD661D82}.Debug|Any CPU.ActiveCfg = Debug|Any CPU
		{94F0A821-51BB-4381-9413-1A3FAD661D82}.Debug|Any CPU.Build.0 = Debug|Any CPU
		{94F0A821-51BB-4381-9413-1A3FAD661D82}.Debug|Mixed Platforms.ActiveCfg = Debug|Any CPU
		{94F0A821-51BB-4381-9413-1A3FAD661D82}.Debug|Mixed Platforms.Build.0 = Debug|Any CPU
		{94F0A821-51BB-4381-9413-1A3FAD661D82}.Debug|x64.ActiveCfg = Debug|Any CPU
		{94F0A821-51BB-4381-9413-1A3FAD661D82}.Debug|x64.Build.0 = Debug|Any CPU
		{94F0A821-51BB-4381-9413-1A3FAD661D82}.Debug|x86.ActiveCfg = Debug|Any CPU
		{94F0A821-51BB-4381-9413-1A3FAD661D82}.Debug|x86.Build.0 = Debug|Any CPU
		{94F0A821-51BB-4381-9413-1A3FAD661D82}.Release|Any CPU.ActiveCfg = Release|Any CPU
		{94F0A821-51BB-4381-9413-1A3FAD661D82}.Release|Any CPU.Build.0 = Release|Any CPU
		{94F0A821-51BB-4381-9413-1A3FAD661D82}.Release|Mixed Platforms.ActiveCfg = Release|Any CPU
		{94F0A821-51BB-4381-9413-1A3FAD661D82}.Release|Mixed Platforms.Build.0 = Release|Any CPU
		{94F0A821-51BB-4381-9413-1A3FAD661D82}.Release|x64.ActiveCfg = Release|Any CPU
		{94F0A821-51BB-4381-9413-1A3FAD661D82}.Release|x64.Build.0 = Release|Any CPU
		{94F0A821-51BB-4381-9413-1A3FAD661D82}.Release|x86.ActiveCfg = Release|Any CPU
		{94F0A821-51BB-4381-9413-1A3FAD661D82}.Release|x86.Build.0 = Release|Any CPU
		{3BCD0AE3-BC71-47DC-836C-41BDF0C2533E}.Debug|Any CPU.ActiveCfg = Debug|x86
		{3BCD0AE3-BC71-47DC-836C-41BDF0C2533E}.Debug|Mixed Platforms.ActiveCfg = Debug|x86
		{3BCD0AE3-BC71-47DC-836C-41BDF0C2533E}.Debug|Mixed Platforms.Build.0 = Debug|x86
		{3BCD0AE3-BC71-47DC-836C-41BDF0C2533E}.Debug|x64.ActiveCfg = Debug|x86
		{3BCD0AE3-BC71-47DC-836C-41BDF0C2533E}.Debug|x86.ActiveCfg = Debug|x86
		{3BCD0AE3-BC71-47DC-836C-41BDF0C2533E}.Debug|x86.Build.0 = Debug|x86
		{3BCD0AE3-BC71-47DC-836C-41BDF0C2533E}.Release|Any CPU.ActiveCfg = Release|x86
		{3BCD0AE3-BC71-47DC-836C-41BDF0C2533E}.Release|Mixed Platforms.ActiveCfg = Release|x86
		{3BCD0AE3-BC71-47DC-836C-41BDF0C2533E}.Release|Mixed Platforms.Build.0 = Release|x86
		{3BCD0AE3-BC71-47DC-836C-41BDF0C2533E}.Release|x64.ActiveCfg = Release|x86
		{3BCD0AE3-BC71-47DC-836C-41BDF0C2533E}.Release|x86.ActiveCfg = Release|x86
		{3BCD0AE3-BC71-47DC-836C-41BDF0C2533E}.Release|x86.Build.0 = Release|x86
		{D458EB9E-7E35-46F2-9921-34D110C74BDB}.Debug|Any CPU.ActiveCfg = Debug|Any CPU
		{D458EB9E-7E35-46F2-9921-34D110C74BDB}.Debug|Any CPU.Build.0 = Debug|Any CPU
		{D458EB9E-7E35-46F2-9921-34D110C74BDB}.Debug|Mixed Platforms.ActiveCfg = Debug|Any CPU
		{D458EB9E-7E35-46F2-9921-34D110C74BDB}.Debug|Mixed Platforms.Build.0 = Debug|Any CPU
		{D458EB9E-7E35-46F2-9921-34D110C74BDB}.Debug|x64.ActiveCfg = Debug|Any CPU
		{D458EB9E-7E35-46F2-9921-34D110C74BDB}.Debug|x64.Build.0 = Debug|Any CPU
		{D458EB9E-7E35-46F2-9921-34D110C74BDB}.Debug|x86.ActiveCfg = Debug|Any CPU
		{D458EB9E-7E35-46F2-9921-34D110C74BDB}.Debug|x86.Build.0 = Debug|Any CPU
		{D458EB9E-7E35-46F2-9921-34D110C74BDB}.Release|Any CPU.ActiveCfg = Release|Any CPU
		{D458EB9E-7E35-46F2-9921-34D110C74BDB}.Release|Any CPU.Build.0 = Release|Any CPU
		{D458EB9E-7E35-46F2-9921-34D110C74BDB}.Release|Mixed Platforms.ActiveCfg = Release|Any CPU
		{D458EB9E-7E35-46F2-9921-34D110C74BDB}.Release|Mixed Platforms.Build.0 = Release|Any CPU
		{D458EB9E-7E35-46F2-9921-34D110C74BDB}.Release|x64.ActiveCfg = Release|Any CPU
		{D458EB9E-7E35-46F2-9921-34D110C74BDB}.Release|x64.Build.0 = Release|Any CPU
		{D458EB9E-7E35-46F2-9921-34D110C74BDB}.Release|x86.ActiveCfg = Release|Any CPU
		{D458EB9E-7E35-46F2-9921-34D110C74BDB}.Release|x86.Build.0 = Release|Any CPU
		{FD7ACA3B-540C-47AD-9FBE-0B6512D52778}.Debug|Any CPU.ActiveCfg = Debug|x86
		{FD7ACA3B-540C-47AD-9FBE-0B6512D52778}.Debug|Mixed Platforms.ActiveCfg = Debug|x86
		{FD7ACA3B-540C-47AD-9FBE-0B6512D52778}.Debug|Mixed Platforms.Build.0 = Debug|x86
		{FD7ACA3B-540C-47AD-9FBE-0B6512D52778}.Debug|x64.ActiveCfg = Debug|x86
		{FD7ACA3B-540C-47AD-9FBE-0B6512D52778}.Debug|x86.ActiveCfg = Debug|x86
		{FD7ACA3B-540C-47AD-9FBE-0B6512D52778}.Debug|x86.Build.0 = Debug|x86
		{FD7ACA3B-540C-47AD-9FBE-0B6512D52778}.Release|Any CPU.ActiveCfg = Release|x86
		{FD7ACA3B-540C-47AD-9FBE-0B6512D52778}.Release|Mixed Platforms.ActiveCfg = Release|x86
		{FD7ACA3B-540C-47AD-9FBE-0B6512D52778}.Release|Mixed Platforms.Build.0 = Release|x86
		{FD7ACA3B-540C-47AD-9FBE-0B6512D52778}.Release|x64.ActiveCfg = Release|x86
		{FD7ACA3B-540C-47AD-9FBE-0B6512D52778}.Release|x86.ActiveCfg = Release|x86
		{FD7ACA3B-540C-47AD-9FBE-0B6512D52778}.Release|x86.Build.0 = Release|x86
		{3B80F85F-085D-4D89-8CC6-5167A58D7845}.Debug|Any CPU.ActiveCfg = Debug|Any CPU
		{3B80F85F-085D-4D89-8CC6-5167A58D7845}.Debug|Any CPU.Build.0 = Debug|Any CPU
		{3B80F85F-085D-4D89-8CC6-5167A58D7845}.Debug|Mixed Platforms.ActiveCfg = Debug|Any CPU
		{3B80F85F-085D-4D89-8CC6-5167A58D7845}.Debug|Mixed Platforms.Build.0 = Debug|Any CPU
		{3B80F85F-085D-4D89-8CC6-5167A58D7845}.Debug|x64.ActiveCfg = Debug|Any CPU
		{3B80F85F-085D-4D89-8CC6-5167A58D7845}.Debug|x64.Build.0 = Debug|Any CPU
		{3B80F85F-085D-4D89-8CC6-5167A58D7845}.Debug|x86.ActiveCfg = Debug|Any CPU
		{3B80F85F-085D-4D89-8CC6-5167A58D7845}.Debug|x86.Build.0 = Debug|Any CPU
		{3B80F85F-085D-4D89-8CC6-5167A58D7845}.Release|Any CPU.ActiveCfg = Release|Any CPU
		{3B80F85F-085D-4D89-8CC6-5167A58D7845}.Release|Any CPU.Build.0 = Release|Any CPU
		{3B80F85F-085D-4D89-8CC6-5167A58D7845}.Release|Mixed Platforms.ActiveCfg = Release|Any CPU
		{3B80F85F-085D-4D89-8CC6-5167A58D7845}.Release|Mixed Platforms.Build.0 = Release|Any CPU
		{3B80F85F-085D-4D89-8CC6-5167A58D7845}.Release|x64.ActiveCfg = Release|Any CPU
		{3B80F85F-085D-4D89-8CC6-5167A58D7845}.Release|x64.Build.0 = Release|Any CPU
		{3B80F85F-085D-4D89-8CC6-5167A58D7845}.Release|x86.ActiveCfg = Release|Any CPU
		{3B80F85F-085D-4D89-8CC6-5167A58D7845}.Release|x86.Build.0 = Release|Any CPU
		{40F37767-C554-453F-8748-784EF41E0AFB}.Debug|Any CPU.ActiveCfg = Debug|x86
		{40F37767-C554-453F-8748-784EF41E0AFB}.Debug|Mixed Platforms.ActiveCfg = Debug|x86
		{40F37767-C554-453F-8748-784EF41E0AFB}.Debug|Mixed Platforms.Build.0 = Debug|x86
		{40F37767-C554-453F-8748-784EF41E0AFB}.Debug|x64.ActiveCfg = Debug|x86
		{40F37767-C554-453F-8748-784EF41E0AFB}.Debug|x86.ActiveCfg = Debug|x86
		{40F37767-C554-453F-8748-784EF41E0AFB}.Debug|x86.Build.0 = Debug|x86
		{40F37767-C554-453F-8748-784EF41E0AFB}.Release|Any CPU.ActiveCfg = Release|x86
		{40F37767-C554-453F-8748-784EF41E0AFB}.Release|Mixed Platforms.ActiveCfg = Release|x86
		{40F37767-C554-453F-8748-784EF41E0AFB}.Release|Mixed Platforms.Build.0 = Release|x86
		{40F37767-C554-453F-8748-784EF41E0AFB}.Release|x64.ActiveCfg = Release|x86
		{40F37767-C554-453F-8748-784EF41E0AFB}.Release|x86.ActiveCfg = Release|x86
		{40F37767-C554-453F-8748-784EF41E0AFB}.Release|x86.Build.0 = Release|x86
		{FE25F47B-7A81-4A04-8E00-99C36BCA8E03}.Debug|Any CPU.ActiveCfg = Debug|Any CPU
		{FE25F47B-7A81-4A04-8E00-99C36BCA8E03}.Debug|Any CPU.Build.0 = Debug|Any CPU
		{FE25F47B-7A81-4A04-8E00-99C36BCA8E03}.Debug|Mixed Platforms.ActiveCfg = Debug|Any CPU
		{FE25F47B-7A81-4A04-8E00-99C36BCA8E03}.Debug|Mixed Platforms.Build.0 = Debug|Any CPU
		{FE25F47B-7A81-4A04-8E00-99C36BCA8E03}.Debug|x64.ActiveCfg = Debug|Any CPU
		{FE25F47B-7A81-4A04-8E00-99C36BCA8E03}.Debug|x64.Build.0 = Debug|Any CPU
		{FE25F47B-7A81-4A04-8E00-99C36BCA8E03}.Debug|x86.ActiveCfg = Debug|Any CPU
		{FE25F47B-7A81-4A04-8E00-99C36BCA8E03}.Debug|x86.Build.0 = Debug|Any CPU
		{FE25F47B-7A81-4A04-8E00-99C36BCA8E03}.Release|Any CPU.ActiveCfg = Release|Any CPU
		{FE25F47B-7A81-4A04-8E00-99C36BCA8E03}.Release|Any CPU.Build.0 = Release|Any CPU
		{FE25F47B-7A81-4A04-8E00-99C36BCA8E03}.Release|Mixed Platforms.ActiveCfg = Release|Any CPU
		{FE25F47B-7A81-4A04-8E00-99C36BCA8E03}.Release|Mixed Platforms.Build.0 = Release|Any CPU
		{FE25F47B-7A81-4A04-8E00-99C36BCA8E03}.Release|x64.ActiveCfg = Release|Any CPU
		{FE25F47B-7A81-4A04-8E00-99C36BCA8E03}.Release|x64.Build.0 = Release|Any CPU
		{FE25F47B-7A81-4A04-8E00-99C36BCA8E03}.Release|x86.ActiveCfg = Release|Any CPU
		{FE25F47B-7A81-4A04-8E00-99C36BCA8E03}.Release|x86.Build.0 = Release|Any CPU
		{86248078-7A1C-486D-8D08-064CC14FDB70}.Debug|Any CPU.ActiveCfg = Debug|Any CPU
		{86248078-7A1C-486D-8D08-064CC14FDB70}.Debug|Any CPU.Build.0 = Debug|Any CPU
		{86248078-7A1C-486D-8D08-064CC14FDB70}.Debug|Mixed Platforms.ActiveCfg = Debug|Any CPU
		{86248078-7A1C-486D-8D08-064CC14FDB70}.Debug|Mixed Platforms.Build.0 = Debug|Any CPU
		{86248078-7A1C-486D-8D08-064CC14FDB70}.Debug|x64.ActiveCfg = Debug|Any CPU
		{86248078-7A1C-486D-8D08-064CC14FDB70}.Debug|x64.Build.0 = Debug|Any CPU
		{86248078-7A1C-486D-8D08-064CC14FDB70}.Debug|x86.ActiveCfg = Debug|Any CPU
		{86248078-7A1C-486D-8D08-064CC14FDB70}.Debug|x86.Build.0 = Debug|Any CPU
		{86248078-7A1C-486D-8D08-064CC14FDB70}.Release|Any CPU.ActiveCfg = Release|Any CPU
		{86248078-7A1C-486D-8D08-064CC14FDB70}.Release|Any CPU.Build.0 = Release|Any CPU
		{86248078-7A1C-486D-8D08-064CC14FDB70}.Release|Mixed Platforms.ActiveCfg = Release|Any CPU
		{86248078-7A1C-486D-8D08-064CC14FDB70}.Release|Mixed Platforms.Build.0 = Release|Any CPU
		{86248078-7A1C-486D-8D08-064CC14FDB70}.Release|x64.ActiveCfg = Release|Any CPU
		{86248078-7A1C-486D-8D08-064CC14FDB70}.Release|x64.Build.0 = Release|Any CPU
		{86248078-7A1C-486D-8D08-064CC14FDB70}.Release|x86.ActiveCfg = Release|Any CPU
		{86248078-7A1C-486D-8D08-064CC14FDB70}.Release|x86.Build.0 = Release|Any CPU
		{9E538513-A812-4A09-BD54-96734AD4A850}.Debug|Any CPU.ActiveCfg = Debug|Any CPU
		{9E538513-A812-4A09-BD54-96734AD4A850}.Debug|Any CPU.Build.0 = Debug|Any CPU
		{9E538513-A812-4A09-BD54-96734AD4A850}.Debug|Mixed Platforms.ActiveCfg = Debug|Any CPU
		{9E538513-A812-4A09-BD54-96734AD4A850}.Debug|Mixed Platforms.Build.0 = Debug|Any CPU
		{9E538513-A812-4A09-BD54-96734AD4A850}.Debug|x64.ActiveCfg = Debug|Any CPU
		{9E538513-A812-4A09-BD54-96734AD4A850}.Debug|x64.Build.0 = Debug|Any CPU
		{9E538513-A812-4A09-BD54-96734AD4A850}.Debug|x86.ActiveCfg = Debug|Any CPU
		{9E538513-A812-4A09-BD54-96734AD4A850}.Debug|x86.Build.0 = Debug|Any CPU
		{9E538513-A812-4A09-BD54-96734AD4A850}.Release|Any CPU.ActiveCfg = Release|Any CPU
		{9E538513-A812-4A09-BD54-96734AD4A850}.Release|Any CPU.Build.0 = Release|Any CPU
		{9E538513-A812-4A09-BD54-96734AD4A850}.Release|Mixed Platforms.ActiveCfg = Release|Any CPU
		{9E538513-A812-4A09-BD54-96734AD4A850}.Release|Mixed Platforms.Build.0 = Release|Any CPU
		{9E538513-A812-4A09-BD54-96734AD4A850}.Release|x64.ActiveCfg = Release|Any CPU
		{9E538513-A812-4A09-BD54-96734AD4A850}.Release|x64.Build.0 = Release|Any CPU
		{9E538513-A812-4A09-BD54-96734AD4A850}.Release|x86.ActiveCfg = Release|Any CPU
		{9E538513-A812-4A09-BD54-96734AD4A850}.Release|x86.Build.0 = Release|Any CPU
		{2BCFACA1-27D3-4D74-B528-3F702E17DC01}.Debug|Any CPU.ActiveCfg = Debug|Any CPU
		{2BCFACA1-27D3-4D74-B528-3F702E17DC01}.Debug|Any CPU.Build.0 = Debug|Any CPU
		{2BCFACA1-27D3-4D74-B528-3F702E17DC01}.Debug|Mixed Platforms.ActiveCfg = Debug|Any CPU
		{2BCFACA1-27D3-4D74-B528-3F702E17DC01}.Debug|Mixed Platforms.Build.0 = Debug|Any CPU
		{2BCFACA1-27D3-4D74-B528-3F702E17DC01}.Debug|x64.ActiveCfg = Debug|Any CPU
		{2BCFACA1-27D3-4D74-B528-3F702E17DC01}.Debug|x64.Build.0 = Debug|Any CPU
		{2BCFACA1-27D3-4D74-B528-3F702E17DC01}.Debug|x86.ActiveCfg = Debug|Any CPU
		{2BCFACA1-27D3-4D74-B528-3F702E17DC01}.Debug|x86.Build.0 = Debug|Any CPU
		{2BCFACA1-27D3-4D74-B528-3F702E17DC01}.Release|Any CPU.ActiveCfg = Release|Any CPU
		{2BCFACA1-27D3-4D74-B528-3F702E17DC01}.Release|Any CPU.Build.0 = Release|Any CPU
		{2BCFACA1-27D3-4D74-B528-3F702E17DC01}.Release|Mixed Platforms.ActiveCfg = Release|Any CPU
		{2BCFACA1-27D3-4D74-B528-3F702E17DC01}.Release|Mixed Platforms.Build.0 = Release|Any CPU
		{2BCFACA1-27D3-4D74-B528-3F702E17DC01}.Release|x64.ActiveCfg = Release|Any CPU
		{2BCFACA1-27D3-4D74-B528-3F702E17DC01}.Release|x64.Build.0 = Release|Any CPU
		{2BCFACA1-27D3-4D74-B528-3F702E17DC01}.Release|x86.ActiveCfg = Release|Any CPU
		{2BCFACA1-27D3-4D74-B528-3F702E17DC01}.Release|x86.Build.0 = Release|Any CPU
		{573DDCFE-821E-4F58-8E6F-89FA0C0CC879}.Debug|Any CPU.ActiveCfg = Debug|Any CPU
		{573DDCFE-821E-4F58-8E6F-89FA0C0CC879}.Debug|Any CPU.Build.0 = Debug|Any CPU
		{573DDCFE-821E-4F58-8E6F-89FA0C0CC879}.Debug|Mixed Platforms.ActiveCfg = Debug|Any CPU
		{573DDCFE-821E-4F58-8E6F-89FA0C0CC879}.Debug|Mixed Platforms.Build.0 = Debug|Any CPU
		{573DDCFE-821E-4F58-8E6F-89FA0C0CC879}.Debug|x64.ActiveCfg = Debug|Any CPU
		{573DDCFE-821E-4F58-8E6F-89FA0C0CC879}.Debug|x64.Build.0 = Debug|Any CPU
		{573DDCFE-821E-4F58-8E6F-89FA0C0CC879}.Debug|x86.ActiveCfg = Debug|Any CPU
		{573DDCFE-821E-4F58-8E6F-89FA0C0CC879}.Debug|x86.Build.0 = Debug|Any CPU
		{573DDCFE-821E-4F58-8E6F-89FA0C0CC879}.Release|Any CPU.ActiveCfg = Release|Any CPU
		{573DDCFE-821E-4F58-8E6F-89FA0C0CC879}.Release|Any CPU.Build.0 = Release|Any CPU
		{573DDCFE-821E-4F58-8E6F-89FA0C0CC879}.Release|Mixed Platforms.ActiveCfg = Release|Any CPU
		{573DDCFE-821E-4F58-8E6F-89FA0C0CC879}.Release|Mixed Platforms.Build.0 = Release|Any CPU
		{573DDCFE-821E-4F58-8E6F-89FA0C0CC879}.Release|x64.ActiveCfg = Release|Any CPU
		{573DDCFE-821E-4F58-8E6F-89FA0C0CC879}.Release|x64.Build.0 = Release|Any CPU
		{573DDCFE-821E-4F58-8E6F-89FA0C0CC879}.Release|x86.ActiveCfg = Release|Any CPU
		{573DDCFE-821E-4F58-8E6F-89FA0C0CC879}.Release|x86.Build.0 = Release|Any CPU
		{DA8BF2F4-C49F-46CD-AE74-C3ECAD6377C6}.Debug|Any CPU.ActiveCfg = Debug|Any CPU
		{DA8BF2F4-C49F-46CD-AE74-C3ECAD6377C6}.Debug|Any CPU.Build.0 = Debug|Any CPU
		{DA8BF2F4-C49F-46CD-AE74-C3ECAD6377C6}.Debug|Mixed Platforms.ActiveCfg = Debug|Any CPU
		{DA8BF2F4-C49F-46CD-AE74-C3ECAD6377C6}.Debug|Mixed Platforms.Build.0 = Debug|Any CPU
		{DA8BF2F4-C49F-46CD-AE74-C3ECAD6377C6}.Debug|x64.ActiveCfg = Debug|Any CPU
		{DA8BF2F4-C49F-46CD-AE74-C3ECAD6377C6}.Debug|x64.Build.0 = Debug|Any CPU
		{DA8BF2F4-C49F-46CD-AE74-C3ECAD6377C6}.Debug|x86.ActiveCfg = Debug|Any CPU
		{DA8BF2F4-C49F-46CD-AE74-C3ECAD6377C6}.Debug|x86.Build.0 = Debug|Any CPU
		{DA8BF2F4-C49F-46CD-AE74-C3ECAD6377C6}.Release|Any CPU.ActiveCfg = Release|Any CPU
		{DA8BF2F4-C49F-46CD-AE74-C3ECAD6377C6}.Release|Any CPU.Build.0 = Release|Any CPU
		{DA8BF2F4-C49F-46CD-AE74-C3ECAD6377C6}.Release|Mixed Platforms.ActiveCfg = Release|Any CPU
		{DA8BF2F4-C49F-46CD-AE74-C3ECAD6377C6}.Release|Mixed Platforms.Build.0 = Release|Any CPU
		{DA8BF2F4-C49F-46CD-AE74-C3ECAD6377C6}.Release|x64.ActiveCfg = Release|Any CPU
		{DA8BF2F4-C49F-46CD-AE74-C3ECAD6377C6}.Release|x64.Build.0 = Release|Any CPU
		{DA8BF2F4-C49F-46CD-AE74-C3ECAD6377C6}.Release|x86.ActiveCfg = Release|Any CPU
		{DA8BF2F4-C49F-46CD-AE74-C3ECAD6377C6}.Release|x86.Build.0 = Release|Any CPU
		{9FE50C5D-76F9-4283-B9AD-893A8D5C6B69}.Debug|Any CPU.ActiveCfg = Debug|Any CPU
		{9FE50C5D-76F9-4283-B9AD-893A8D5C6B69}.Debug|Any CPU.Build.0 = Debug|Any CPU
		{9FE50C5D-76F9-4283-B9AD-893A8D5C6B69}.Debug|Mixed Platforms.ActiveCfg = Debug|Any CPU
		{9FE50C5D-76F9-4283-B9AD-893A8D5C6B69}.Debug|Mixed Platforms.Build.0 = Debug|Any CPU
		{9FE50C5D-76F9-4283-B9AD-893A8D5C6B69}.Debug|x64.ActiveCfg = Debug|Any CPU
		{9FE50C5D-76F9-4283-B9AD-893A8D5C6B69}.Debug|x64.Build.0 = Debug|Any CPU
		{9FE50C5D-76F9-4283-B9AD-893A8D5C6B69}.Debug|x86.ActiveCfg = Debug|Any CPU
		{9FE50C5D-76F9-4283-B9AD-893A8D5C6B69}.Debug|x86.Build.0 = Debug|Any CPU
		{9FE50C5D-76F9-4283-B9AD-893A8D5C6B69}.Release|Any CPU.ActiveCfg = Release|Any CPU
		{9FE50C5D-76F9-4283-B9AD-893A8D5C6B69}.Release|Any CPU.Build.0 = Release|Any CPU
		{9FE50C5D-76F9-4283-B9AD-893A8D5C6B69}.Release|Mixed Platforms.ActiveCfg = Release|Any CPU
		{9FE50C5D-76F9-4283-B9AD-893A8D5C6B69}.Release|Mixed Platforms.Build.0 = Release|Any CPU
		{9FE50C5D-76F9-4283-B9AD-893A8D5C6B69}.Release|x64.ActiveCfg = Release|Any CPU
		{9FE50C5D-76F9-4283-B9AD-893A8D5C6B69}.Release|x64.Build.0 = Release|Any CPU
		{9FE50C5D-76F9-4283-B9AD-893A8D5C6B69}.Release|x86.ActiveCfg = Release|Any CPU
		{9FE50C5D-76F9-4283-B9AD-893A8D5C6B69}.Release|x86.Build.0 = Release|Any CPU
		{3465B4A9-2278-422D-B1D5-E2CDCB308D03}.Debug|Any CPU.ActiveCfg = Debug|Any CPU
		{3465B4A9-2278-422D-B1D5-E2CDCB308D03}.Debug|Any CPU.Build.0 = Debug|Any CPU
		{3465B4A9-2278-422D-B1D5-E2CDCB308D03}.Debug|Mixed Platforms.ActiveCfg = Debug|Any CPU
		{3465B4A9-2278-422D-B1D5-E2CDCB308D03}.Debug|Mixed Platforms.Build.0 = Debug|Any CPU
		{3465B4A9-2278-422D-B1D5-E2CDCB308D03}.Debug|x64.ActiveCfg = Debug|Any CPU
		{3465B4A9-2278-422D-B1D5-E2CDCB308D03}.Debug|x64.Build.0 = Debug|Any CPU
		{3465B4A9-2278-422D-B1D5-E2CDCB308D03}.Debug|x86.ActiveCfg = Debug|Any CPU
		{3465B4A9-2278-422D-B1D5-E2CDCB308D03}.Debug|x86.Build.0 = Debug|Any CPU
		{3465B4A9-2278-422D-B1D5-E2CDCB308D03}.Release|Any CPU.ActiveCfg = Release|Any CPU
		{3465B4A9-2278-422D-B1D5-E2CDCB308D03}.Release|Any CPU.Build.0 = Release|Any CPU
		{3465B4A9-2278-422D-B1D5-E2CDCB308D03}.Release|Mixed Platforms.ActiveCfg = Release|Any CPU
		{3465B4A9-2278-422D-B1D5-E2CDCB308D03}.Release|Mixed Platforms.Build.0 = Release|Any CPU
		{3465B4A9-2278-422D-B1D5-E2CDCB308D03}.Release|x64.ActiveCfg = Release|Any CPU
		{3465B4A9-2278-422D-B1D5-E2CDCB308D03}.Release|x64.Build.0 = Release|Any CPU
		{3465B4A9-2278-422D-B1D5-E2CDCB308D03}.Release|x86.ActiveCfg = Release|Any CPU
		{3465B4A9-2278-422D-B1D5-E2CDCB308D03}.Release|x86.Build.0 = Release|Any CPU
		{DFF79AA9-DAD3-4F45-8D7A-7C76FEBE50CB}.Debug|Any CPU.ActiveCfg = Debug|Any CPU
		{DFF79AA9-DAD3-4F45-8D7A-7C76FEBE50CB}.Debug|Any CPU.Build.0 = Debug|Any CPU
		{DFF79AA9-DAD3-4F45-8D7A-7C76FEBE50CB}.Debug|Mixed Platforms.ActiveCfg = Debug|Any CPU
		{DFF79AA9-DAD3-4F45-8D7A-7C76FEBE50CB}.Debug|Mixed Platforms.Build.0 = Debug|Any CPU
		{DFF79AA9-DAD3-4F45-8D7A-7C76FEBE50CB}.Debug|x64.ActiveCfg = Debug|Any CPU
		{DFF79AA9-DAD3-4F45-8D7A-7C76FEBE50CB}.Debug|x64.Build.0 = Debug|Any CPU
		{DFF79AA9-DAD3-4F45-8D7A-7C76FEBE50CB}.Debug|x86.ActiveCfg = Debug|Any CPU
		{DFF79AA9-DAD3-4F45-8D7A-7C76FEBE50CB}.Debug|x86.Build.0 = Debug|Any CPU
		{DFF79AA9-DAD3-4F45-8D7A-7C76FEBE50CB}.Release|Any CPU.ActiveCfg = Release|Any CPU
		{DFF79AA9-DAD3-4F45-8D7A-7C76FEBE50CB}.Release|Any CPU.Build.0 = Release|Any CPU
		{DFF79AA9-DAD3-4F45-8D7A-7C76FEBE50CB}.Release|Mixed Platforms.ActiveCfg = Release|Any CPU
		{DFF79AA9-DAD3-4F45-8D7A-7C76FEBE50CB}.Release|Mixed Platforms.Build.0 = Release|Any CPU
		{DFF79AA9-DAD3-4F45-8D7A-7C76FEBE50CB}.Release|x64.ActiveCfg = Release|Any CPU
		{DFF79AA9-DAD3-4F45-8D7A-7C76FEBE50CB}.Release|x64.Build.0 = Release|Any CPU
		{DFF79AA9-DAD3-4F45-8D7A-7C76FEBE50CB}.Release|x86.ActiveCfg = Release|Any CPU
		{DFF79AA9-DAD3-4F45-8D7A-7C76FEBE50CB}.Release|x86.Build.0 = Release|Any CPU
		{C4516CF0-85E9-4B59-B22A-EFDFF1D8399D}.Debug|Any CPU.ActiveCfg = Debug|Any CPU
		{C4516CF0-85E9-4B59-B22A-EFDFF1D8399D}.Debug|Any CPU.Build.0 = Debug|Any CPU
		{C4516CF0-85E9-4B59-B22A-EFDFF1D8399D}.Debug|Mixed Platforms.ActiveCfg = Debug|Any CPU
		{C4516CF0-85E9-4B59-B22A-EFDFF1D8399D}.Debug|Mixed Platforms.Build.0 = Debug|Any CPU
		{C4516CF0-85E9-4B59-B22A-EFDFF1D8399D}.Debug|x64.ActiveCfg = Debug|Any CPU
		{C4516CF0-85E9-4B59-B22A-EFDFF1D8399D}.Debug|x64.Build.0 = Debug|Any CPU
		{C4516CF0-85E9-4B59-B22A-EFDFF1D8399D}.Debug|x86.ActiveCfg = Debug|Any CPU
		{C4516CF0-85E9-4B59-B22A-EFDFF1D8399D}.Release|Any CPU.ActiveCfg = Release|Any CPU
		{C4516CF0-85E9-4B59-B22A-EFDFF1D8399D}.Release|Any CPU.Build.0 = Release|Any CPU
		{C4516CF0-85E9-4B59-B22A-EFDFF1D8399D}.Release|Mixed Platforms.ActiveCfg = Release|Any CPU
		{C4516CF0-85E9-4B59-B22A-EFDFF1D8399D}.Release|Mixed Platforms.Build.0 = Release|Any CPU
		{C4516CF0-85E9-4B59-B22A-EFDFF1D8399D}.Release|x64.ActiveCfg = Release|Any CPU
		{C4516CF0-85E9-4B59-B22A-EFDFF1D8399D}.Release|x64.Build.0 = Release|Any CPU
		{C4516CF0-85E9-4B59-B22A-EFDFF1D8399D}.Release|x86.ActiveCfg = Release|Any CPU
		{A81147B6-D3E8-42AE-A98F-21BA5C4BAE99}.Debug|Any CPU.ActiveCfg = Debug|Any CPU
		{A81147B6-D3E8-42AE-A98F-21BA5C4BAE99}.Debug|Any CPU.Build.0 = Debug|Any CPU
		{A81147B6-D3E8-42AE-A98F-21BA5C4BAE99}.Debug|Mixed Platforms.ActiveCfg = Debug|Any CPU
		{A81147B6-D3E8-42AE-A98F-21BA5C4BAE99}.Debug|Mixed Platforms.Build.0 = Debug|Any CPU
		{A81147B6-D3E8-42AE-A98F-21BA5C4BAE99}.Debug|x64.ActiveCfg = Debug|Any CPU
		{A81147B6-D3E8-42AE-A98F-21BA5C4BAE99}.Debug|x64.Build.0 = Debug|Any CPU
		{A81147B6-D3E8-42AE-A98F-21BA5C4BAE99}.Debug|x86.ActiveCfg = Debug|Any CPU
		{A81147B6-D3E8-42AE-A98F-21BA5C4BAE99}.Debug|x86.Build.0 = Debug|Any CPU
		{A81147B6-D3E8-42AE-A98F-21BA5C4BAE99}.Release|Any CPU.ActiveCfg = Release|Any CPU
		{A81147B6-D3E8-42AE-A98F-21BA5C4BAE99}.Release|Any CPU.Build.0 = Release|Any CPU
		{A81147B6-D3E8-42AE-A98F-21BA5C4BAE99}.Release|Mixed Platforms.ActiveCfg = Release|Any CPU
		{A81147B6-D3E8-42AE-A98F-21BA5C4BAE99}.Release|Mixed Platforms.Build.0 = Release|Any CPU
		{A81147B6-D3E8-42AE-A98F-21BA5C4BAE99}.Release|x64.ActiveCfg = Release|Any CPU
		{A81147B6-D3E8-42AE-A98F-21BA5C4BAE99}.Release|x64.Build.0 = Release|Any CPU
		{A81147B6-D3E8-42AE-A98F-21BA5C4BAE99}.Release|x86.ActiveCfg = Release|Any CPU
		{A81147B6-D3E8-42AE-A98F-21BA5C4BAE99}.Release|x86.Build.0 = Release|Any CPU
		{17C22B5C-2875-4FFA-9A78-2C0DF1DD030E}.Debug|Any CPU.ActiveCfg = Debug|x86
		{17C22B5C-2875-4FFA-9A78-2C0DF1DD030E}.Debug|Mixed Platforms.ActiveCfg = Debug|x86
		{17C22B5C-2875-4FFA-9A78-2C0DF1DD030E}.Debug|Mixed Platforms.Build.0 = Debug|x86
		{17C22B5C-2875-4FFA-9A78-2C0DF1DD030E}.Debug|x64.ActiveCfg = Debug|x64
		{17C22B5C-2875-4FFA-9A78-2C0DF1DD030E}.Debug|x64.Build.0 = Debug|x64
		{17C22B5C-2875-4FFA-9A78-2C0DF1DD030E}.Debug|x86.ActiveCfg = Debug|x86
		{17C22B5C-2875-4FFA-9A78-2C0DF1DD030E}.Debug|x86.Build.0 = Debug|x86
		{17C22B5C-2875-4FFA-9A78-2C0DF1DD030E}.Release|Any CPU.ActiveCfg = Release|x86
		{17C22B5C-2875-4FFA-9A78-2C0DF1DD030E}.Release|Mixed Platforms.ActiveCfg = Release|x86
		{17C22B5C-2875-4FFA-9A78-2C0DF1DD030E}.Release|Mixed Platforms.Build.0 = Release|x86
		{17C22B5C-2875-4FFA-9A78-2C0DF1DD030E}.Release|x64.ActiveCfg = Release|x64
		{17C22B5C-2875-4FFA-9A78-2C0DF1DD030E}.Release|x64.Build.0 = Release|x64
		{17C22B5C-2875-4FFA-9A78-2C0DF1DD030E}.Release|x86.ActiveCfg = Release|x86
		{17C22B5C-2875-4FFA-9A78-2C0DF1DD030E}.Release|x86.Build.0 = Release|x86
		{09B103A9-E186-403D-9744-DA6144FCD88E}.Debug|Any CPU.ActiveCfg = Debug|Any CPU
		{09B103A9-E186-403D-9744-DA6144FCD88E}.Debug|Any CPU.Build.0 = Debug|Any CPU
		{09B103A9-E186-403D-9744-DA6144FCD88E}.Debug|Mixed Platforms.ActiveCfg = Debug|Any CPU
		{09B103A9-E186-403D-9744-DA6144FCD88E}.Debug|Mixed Platforms.Build.0 = Debug|Any CPU
		{09B103A9-E186-403D-9744-DA6144FCD88E}.Debug|x64.ActiveCfg = Debug|Any CPU
		{09B103A9-E186-403D-9744-DA6144FCD88E}.Debug|x64.Build.0 = Debug|Any CPU
		{09B103A9-E186-403D-9744-DA6144FCD88E}.Debug|x86.ActiveCfg = Debug|Any CPU
		{09B103A9-E186-403D-9744-DA6144FCD88E}.Debug|x86.Build.0 = Debug|Any CPU
		{09B103A9-E186-403D-9744-DA6144FCD88E}.Release|Any CPU.ActiveCfg = Release|Any CPU
		{09B103A9-E186-403D-9744-DA6144FCD88E}.Release|Any CPU.Build.0 = Release|Any CPU
		{09B103A9-E186-403D-9744-DA6144FCD88E}.Release|Mixed Platforms.ActiveCfg = Release|Any CPU
		{09B103A9-E186-403D-9744-DA6144FCD88E}.Release|Mixed Platforms.Build.0 = Release|Any CPU
		{09B103A9-E186-403D-9744-DA6144FCD88E}.Release|x64.ActiveCfg = Release|Any CPU
		{09B103A9-E186-403D-9744-DA6144FCD88E}.Release|x64.Build.0 = Release|Any CPU
		{09B103A9-E186-403D-9744-DA6144FCD88E}.Release|x86.ActiveCfg = Release|Any CPU
		{09B103A9-E186-403D-9744-DA6144FCD88E}.Release|x86.Build.0 = Release|Any CPU
		{8CDF8D3F-CA98-4027-ABC0-8AD12F91E93E}.Debug|Any CPU.ActiveCfg = Debug|Any CPU
		{8CDF8D3F-CA98-4027-ABC0-8AD12F91E93E}.Debug|Any CPU.Build.0 = Debug|Any CPU
		{8CDF8D3F-CA98-4027-ABC0-8AD12F91E93E}.Debug|Mixed Platforms.ActiveCfg = Debug|Any CPU
		{8CDF8D3F-CA98-4027-ABC0-8AD12F91E93E}.Debug|Mixed Platforms.Build.0 = Debug|Any CPU
		{8CDF8D3F-CA98-4027-ABC0-8AD12F91E93E}.Debug|x64.ActiveCfg = Debug|Any CPU
		{8CDF8D3F-CA98-4027-ABC0-8AD12F91E93E}.Debug|x64.Build.0 = Debug|Any CPU
		{8CDF8D3F-CA98-4027-ABC0-8AD12F91E93E}.Debug|x86.ActiveCfg = Debug|Any CPU
		{8CDF8D3F-CA98-4027-ABC0-8AD12F91E93E}.Debug|x86.Build.0 = Debug|Any CPU
		{8CDF8D3F-CA98-4027-ABC0-8AD12F91E93E}.Release|Any CPU.ActiveCfg = Release|Any CPU
		{8CDF8D3F-CA98-4027-ABC0-8AD12F91E93E}.Release|Any CPU.Build.0 = Release|Any CPU
		{8CDF8D3F-CA98-4027-ABC0-8AD12F91E93E}.Release|Mixed Platforms.ActiveCfg = Release|Any CPU
		{8CDF8D3F-CA98-4027-ABC0-8AD12F91E93E}.Release|Mixed Platforms.Build.0 = Release|Any CPU
		{8CDF8D3F-CA98-4027-ABC0-8AD12F91E93E}.Release|x64.ActiveCfg = Release|Any CPU
		{8CDF8D3F-CA98-4027-ABC0-8AD12F91E93E}.Release|x64.Build.0 = Release|Any CPU
		{8CDF8D3F-CA98-4027-ABC0-8AD12F91E93E}.Release|x86.ActiveCfg = Release|Any CPU
		{8CDF8D3F-CA98-4027-ABC0-8AD12F91E93E}.Release|x86.Build.0 = Release|Any CPU
		{C21751B3-11B0-41E0-8221-C1106F4D0A9E}.Debug|Any CPU.ActiveCfg = Debug|x86
		{C21751B3-11B0-41E0-8221-C1106F4D0A9E}.Debug|Mixed Platforms.ActiveCfg = Debug|x86
		{C21751B3-11B0-41E0-8221-C1106F4D0A9E}.Debug|Mixed Platforms.Build.0 = Debug|x86
		{C21751B3-11B0-41E0-8221-C1106F4D0A9E}.Debug|x64.ActiveCfg = Debug|x64
		{C21751B3-11B0-41E0-8221-C1106F4D0A9E}.Debug|x64.Build.0 = Debug|x64
		{C21751B3-11B0-41E0-8221-C1106F4D0A9E}.Debug|x86.ActiveCfg = Debug|x86
		{C21751B3-11B0-41E0-8221-C1106F4D0A9E}.Debug|x86.Build.0 = Debug|x86
		{C21751B3-11B0-41E0-8221-C1106F4D0A9E}.Release|Any CPU.ActiveCfg = Release|x86
		{C21751B3-11B0-41E0-8221-C1106F4D0A9E}.Release|Mixed Platforms.ActiveCfg = Release|x86
		{C21751B3-11B0-41E0-8221-C1106F4D0A9E}.Release|Mixed Platforms.Build.0 = Release|x86
		{C21751B3-11B0-41E0-8221-C1106F4D0A9E}.Release|x64.ActiveCfg = Release|x64
		{C21751B3-11B0-41E0-8221-C1106F4D0A9E}.Release|x64.Build.0 = Release|x64
		{C21751B3-11B0-41E0-8221-C1106F4D0A9E}.Release|x86.ActiveCfg = Release|x86
		{C21751B3-11B0-41E0-8221-C1106F4D0A9E}.Release|x86.Build.0 = Release|x86
		{65C67D9E-42FF-467C-92C2-10F0B9481309}.Debug|Any CPU.ActiveCfg = Debug|Any CPU
		{65C67D9E-42FF-467C-92C2-10F0B9481309}.Debug|Any CPU.Build.0 = Debug|Any CPU
		{65C67D9E-42FF-467C-92C2-10F0B9481309}.Debug|Mixed Platforms.ActiveCfg = Debug|Any CPU
		{65C67D9E-42FF-467C-92C2-10F0B9481309}.Debug|Mixed Platforms.Build.0 = Debug|Any CPU
		{65C67D9E-42FF-467C-92C2-10F0B9481309}.Debug|x64.ActiveCfg = Debug|Any CPU
		{65C67D9E-42FF-467C-92C2-10F0B9481309}.Debug|x64.Build.0 = Debug|Any CPU
		{65C67D9E-42FF-467C-92C2-10F0B9481309}.Debug|x86.ActiveCfg = Debug|Any CPU
		{65C67D9E-42FF-467C-92C2-10F0B9481309}.Debug|x86.Build.0 = Debug|Any CPU
		{65C67D9E-42FF-467C-92C2-10F0B9481309}.Release|Any CPU.ActiveCfg = Release|Any CPU
		{65C67D9E-42FF-467C-92C2-10F0B9481309}.Release|Any CPU.Build.0 = Release|Any CPU
		{65C67D9E-42FF-467C-92C2-10F0B9481309}.Release|Mixed Platforms.ActiveCfg = Release|Any CPU
		{65C67D9E-42FF-467C-92C2-10F0B9481309}.Release|Mixed Platforms.Build.0 = Release|Any CPU
		{65C67D9E-42FF-467C-92C2-10F0B9481309}.Release|x64.ActiveCfg = Release|Any CPU
		{65C67D9E-42FF-467C-92C2-10F0B9481309}.Release|x64.Build.0 = Release|Any CPU
		{65C67D9E-42FF-467C-92C2-10F0B9481309}.Release|x86.ActiveCfg = Release|Any CPU
		{65C67D9E-42FF-467C-92C2-10F0B9481309}.Release|x86.Build.0 = Release|Any CPU
	EndGlobalSection
	GlobalSection(SolutionProperties) = preSolution
		HideSolutionNode = FALSE
	EndGlobalSection
	GlobalSection(NestedProjects) = preSolution
		{94F0A821-51BB-4381-9413-1A3FAD661D82} = {3DD098CE-F3C7-4D95-8EDC-969A4F71D740}
		{3BCD0AE3-BC71-47DC-836C-41BDF0C2533E} = {3DD098CE-F3C7-4D95-8EDC-969A4F71D740}
		{D458EB9E-7E35-46F2-9921-34D110C74BDB} = {3DD098CE-F3C7-4D95-8EDC-969A4F71D740}
		{FD7ACA3B-540C-47AD-9FBE-0B6512D52778} = {3DD098CE-F3C7-4D95-8EDC-969A4F71D740}
		{3B80F85F-085D-4D89-8CC6-5167A58D7845} = {3DD098CE-F3C7-4D95-8EDC-969A4F71D740}
		{40F37767-C554-453F-8748-784EF41E0AFB} = {3DD098CE-F3C7-4D95-8EDC-969A4F71D740}
		{9E538513-A812-4A09-BD54-96734AD4A850} = {3DD098CE-F3C7-4D95-8EDC-969A4F71D740}
		{A81147B6-D3E8-42AE-A98F-21BA5C4BAE99} = {1D1FAF73-5B9E-4A66-B928-ED19AA5E3BD8}
		{C21751B3-11B0-41E0-8221-C1106F4D0A9E} = {933CD81D-0867-426B-BF84-77517E59E0B3}
		{6DA177EA-7167-4E2F-B673-6CC020171F51} = {2706C041-CF15-4CA8-AB29-717CEB7EB0C2}
		{217CFBE8-E223-4C45-B8A3-B6BAF32A1D45} = {2706C041-CF15-4CA8-AB29-717CEB7EB0C2}
	EndGlobalSection
	GlobalSection(ExtensibilityGlobals) = postSolution
		SolutionGuid = {0B7509BC-2E0B-4EE1-9683-D79016B9781E}
	EndGlobalSection
	GlobalSection(TestCaseManagementSettings) = postSolution
		CategoryFile = VirtualRadar.vsmdi
	EndGlobalSection
EndGlobal
