
Microsoft Visual Studio Solution File, Format Version 12.00
# Visual Studio Version 17
VisualStudioVersion = 17.0.31903.59
MinimumVisualStudioVersion = 10.0.40219.1
Project("{9A19103F-16F7-4668-BE54-9A1E7A4F7556}") = "VirtualRadar", "VirtualRadar\VirtualRadar.csproj", "{1503171C-0109-465C-BF8F-A4A7E7A82BC9}"
EndProject
Project("{9A19103F-16F7-4668-BE54-9A1E7A4F7556}") = "VirtualRadar.Interface", "VirtualRadar.Interface\VirtualRadar.Interface.csproj", "{3CD15114-8262-4B8D-A429-DE30C6DA9E03}"
EndProject
Project("{9A19103F-16F7-4668-BE54-9A1E7A4F7556}") = "VirtualRadar.Database.SQLite", "VirtualRadar.Database.SQLite\VirtualRadar.Database.SQLite.csproj", "{7BF29EC8-4AC2-49BF-B655-54711156792D}"
EndProject
Project("{9A19103F-16F7-4668-BE54-9A1E7A4F7556}") = "VirtualRadar.Library", "VirtualRadar.Library\VirtualRadar.Library.csproj", "{86F2B9F1-54C5-4F3D-AD04-9B3F02275C57}"
EndProject
Project("{9A19103F-16F7-4668-BE54-9A1E7A4F7556}") = "VirtualRadar.Localisation", "VirtualRadar.Localisation\VirtualRadar.Localisation.csproj", "{368F45B4-7142-4DE9-87FC-FE12E2B066E1}"
EndProject
Project("{2150E333-8FDC-42A3-9474-1A3956D46DE8}") = "Test", "Test", "{53AC742E-41BA-411A-854B-03C081E62AA9}"
EndProject
Project("{9A19103F-16F7-4668-BE54-9A1E7A4F7556}") = "Test.Framework", "Test\Test.Framework\Test.Framework.csproj", "{735D13D4-5B60-442D-B574-F591875D55F6}"
EndProject
Project("{9A19103F-16F7-4668-BE54-9A1E7A4F7556}") = "Test.VirtualRadar.Interface", "Test\Test.VirtualRadar.Interface\Test.VirtualRadar.Interface.csproj", "{F3F7FD35-0F3B-4D3B-AF89-70BAFD5EA6BA}"
EndProject
Project("{2150E333-8FDC-42A3-9474-1A3956D46DE8}") = "Solution Items", "Solution Items", "{2D6EF087-2D0F-44F1-B4B5-163EF638B1CF}"
	ProjectSection(SolutionItems) = preProject
		.editorconfig = .editorconfig
		.gitattributes = .gitattributes
		.gitignore = .gitignore
		Directory.Build.props = Directory.Build.props
		Directory.Build.targets = Directory.Build.targets
		LICENSE.md = LICENSE.md
		LICENSE.txt = LICENSE.txt
		README.md = README.md
	EndProjectSection
EndProject
Project("{9A19103F-16F7-4668-BE54-9A1E7A4F7556}") = "Test.VirtualRadar.Library", "Test\Test.VirtualRadar.Library\Test.VirtualRadar.Library.csproj", "{F8D1E315-E7A8-4D25-8233-9066ACC2EDC4}"
EndProject
Project("{9A19103F-16F7-4668-BE54-9A1E7A4F7556}") = "Test.VirtualRadar.Database.SQLite", "Test\Test.VirtualRadar.Database.SQLite\Test.VirtualRadar.Database.SQLite.csproj", "{0F097A35-A990-4202-8AB8-F05692D58EB0}"
EndProject
Project("{FAE04EC0-301F-11D3-BF4B-00C04F79EFBC}") = "VirtualRadar.Database", "VirtualRadar.Database\VirtualRadar.Database.csproj", "{DC9E95E5-BC29-4083-A61C-7C320F55D97E}"
EndProject
Global
	GlobalSection(SolutionConfigurationPlatforms) = preSolution
		Debug|Any CPU = Debug|Any CPU
		Release|Any CPU = Release|Any CPU
	EndGlobalSection
	GlobalSection(ProjectConfigurationPlatforms) = postSolution
		{1503171C-0109-465C-BF8F-A4A7E7A82BC9}.Debug|Any CPU.ActiveCfg = Debug|Any CPU
		{1503171C-0109-465C-BF8F-A4A7E7A82BC9}.Debug|Any CPU.Build.0 = Debug|Any CPU
		{1503171C-0109-465C-BF8F-A4A7E7A82BC9}.Release|Any CPU.ActiveCfg = Release|Any CPU
		{1503171C-0109-465C-BF8F-A4A7E7A82BC9}.Release|Any CPU.Build.0 = Release|Any CPU
		{3CD15114-8262-4B8D-A429-DE30C6DA9E03}.Debug|Any CPU.ActiveCfg = Debug|Any CPU
		{3CD15114-8262-4B8D-A429-DE30C6DA9E03}.Debug|Any CPU.Build.0 = Debug|Any CPU
		{3CD15114-8262-4B8D-A429-DE30C6DA9E03}.Release|Any CPU.ActiveCfg = Release|Any CPU
		{3CD15114-8262-4B8D-A429-DE30C6DA9E03}.Release|Any CPU.Build.0 = Release|Any CPU
		{7BF29EC8-4AC2-49BF-B655-54711156792D}.Debug|Any CPU.ActiveCfg = Debug|Any CPU
		{7BF29EC8-4AC2-49BF-B655-54711156792D}.Debug|Any CPU.Build.0 = Debug|Any CPU
		{7BF29EC8-4AC2-49BF-B655-54711156792D}.Release|Any CPU.ActiveCfg = Release|Any CPU
		{7BF29EC8-4AC2-49BF-B655-54711156792D}.Release|Any CPU.Build.0 = Release|Any CPU
		{86F2B9F1-54C5-4F3D-AD04-9B3F02275C57}.Debug|Any CPU.ActiveCfg = Debug|Any CPU
		{86F2B9F1-54C5-4F3D-AD04-9B3F02275C57}.Debug|Any CPU.Build.0 = Debug|Any CPU
		{86F2B9F1-54C5-4F3D-AD04-9B3F02275C57}.Release|Any CPU.ActiveCfg = Release|Any CPU
		{86F2B9F1-54C5-4F3D-AD04-9B3F02275C57}.Release|Any CPU.Build.0 = Release|Any CPU
		{368F45B4-7142-4DE9-87FC-FE12E2B066E1}.Debug|Any CPU.ActiveCfg = Debug|Any CPU
		{368F45B4-7142-4DE9-87FC-FE12E2B066E1}.Debug|Any CPU.Build.0 = Debug|Any CPU
		{368F45B4-7142-4DE9-87FC-FE12E2B066E1}.Release|Any CPU.ActiveCfg = Release|Any CPU
		{368F45B4-7142-4DE9-87FC-FE12E2B066E1}.Release|Any CPU.Build.0 = Release|Any CPU
		{735D13D4-5B60-442D-B574-F591875D55F6}.Debug|Any CPU.ActiveCfg = Debug|Any CPU
		{735D13D4-5B60-442D-B574-F591875D55F6}.Debug|Any CPU.Build.0 = Debug|Any CPU
		{735D13D4-5B60-442D-B574-F591875D55F6}.Release|Any CPU.ActiveCfg = Release|Any CPU
		{735D13D4-5B60-442D-B574-F591875D55F6}.Release|Any CPU.Build.0 = Release|Any CPU
		{F3F7FD35-0F3B-4D3B-AF89-70BAFD5EA6BA}.Debug|Any CPU.ActiveCfg = Debug|Any CPU
		{F3F7FD35-0F3B-4D3B-AF89-70BAFD5EA6BA}.Debug|Any CPU.Build.0 = Debug|Any CPU
		{F3F7FD35-0F3B-4D3B-AF89-70BAFD5EA6BA}.Release|Any CPU.ActiveCfg = Release|Any CPU
		{F3F7FD35-0F3B-4D3B-AF89-70BAFD5EA6BA}.Release|Any CPU.Build.0 = Release|Any CPU
		{F8D1E315-E7A8-4D25-8233-9066ACC2EDC4}.Debug|Any CPU.ActiveCfg = Debug|Any CPU
		{F8D1E315-E7A8-4D25-8233-9066ACC2EDC4}.Debug|Any CPU.Build.0 = Debug|Any CPU
		{F8D1E315-E7A8-4D25-8233-9066ACC2EDC4}.Release|Any CPU.ActiveCfg = Release|Any CPU
		{F8D1E315-E7A8-4D25-8233-9066ACC2EDC4}.Release|Any CPU.Build.0 = Release|Any CPU
		{0F097A35-A990-4202-8AB8-F05692D58EB0}.Debug|Any CPU.ActiveCfg = Debug|Any CPU
		{0F097A35-A990-4202-8AB8-F05692D58EB0}.Debug|Any CPU.Build.0 = Debug|Any CPU
		{0F097A35-A990-4202-8AB8-F05692D58EB0}.Release|Any CPU.ActiveCfg = Release|Any CPU
		{0F097A35-A990-4202-8AB8-F05692D58EB0}.Release|Any CPU.Build.0 = Release|Any CPU
		{DC9E95E5-BC29-4083-A61C-7C320F55D97E}.Debug|Any CPU.ActiveCfg = Debug|Any CPU
		{DC9E95E5-BC29-4083-A61C-7C320F55D97E}.Debug|Any CPU.Build.0 = Debug|Any CPU
		{DC9E95E5-BC29-4083-A61C-7C320F55D97E}.Release|Any CPU.ActiveCfg = Release|Any CPU
		{DC9E95E5-BC29-4083-A61C-7C320F55D97E}.Release|Any CPU.Build.0 = Release|Any CPU
	EndGlobalSection
	GlobalSection(SolutionProperties) = preSolution
		HideSolutionNode = FALSE
	EndGlobalSection
	GlobalSection(NestedProjects) = preSolution
		{735D13D4-5B60-442D-B574-F591875D55F6} = {53AC742E-41BA-411A-854B-03C081E62AA9}
		{F3F7FD35-0F3B-4D3B-AF89-70BAFD5EA6BA} = {53AC742E-41BA-411A-854B-03C081E62AA9}
		{F8D1E315-E7A8-4D25-8233-9066ACC2EDC4} = {53AC742E-41BA-411A-854B-03C081E62AA9}
		{0F097A35-A990-4202-8AB8-F05692D58EB0} = {53AC742E-41BA-411A-854B-03C081E62AA9}
	EndGlobalSection
	GlobalSection(ExtensibilityGlobals) = postSolution
		SolutionGuid = {A4D0BC52-957C-4EA6-99CE-2145253FCEEF}
	EndGlobalSection
EndGlobal
